
Microsoft Visual Studio Solution File, Format Version 12.00
# Visual Studio Version 17
VisualStudioVersion = 17.0.31611.283
MinimumVisualStudioVersion = 10.0.40219.1
Project("{9A19103F-16F7-4668-BE54-9A1E7A4F7556}") = "Obshajka", "Obshajka\Obshajka.csproj", "{593F7BFD-2A6A-41BF-A6D5-020836047030}"
EndProject
Project("{FAE04EC0-301F-11D3-BF4B-00C04F79EFBC}") = "ObshajkaWebApi", "ObshajkaWebApi\ObshajkaWebApi.csproj", "{ADC09C43-D3A6-480C-81E1-9A626877F0C1}"
EndProject
Global
	GlobalSection(SolutionConfigurationPlatforms) = preSolution
		Debug|Any CPU = Debug|Any CPU
		Release|Any CPU = Release|Any CPU
	EndGlobalSection
	GlobalSection(ProjectConfigurationPlatforms) = postSolution
		{593F7BFD-2A6A-41BF-A6D5-020836047030}.Debug|Any CPU.ActiveCfg = Debug|Any CPU
		{593F7BFD-2A6A-41BF-A6D5-020836047030}.Debug|Any CPU.Build.0 = Debug|Any CPU
		{593F7BFD-2A6A-41BF-A6D5-020836047030}.Debug|Any CPU.Deploy.0 = Debug|Any CPU
		{593F7BFD-2A6A-41BF-A6D5-020836047030}.Release|Any CPU.ActiveCfg = Release|Any CPU
		{593F7BFD-2A6A-41BF-A6D5-020836047030}.Release|Any CPU.Build.0 = Release|Any CPU
		{593F7BFD-2A6A-41BF-A6D5-020836047030}.Release|Any CPU.Deploy.0 = Release|Any CPU
		{ADC09C43-D3A6-480C-81E1-9A626877F0C1}.Debug|Any CPU.ActiveCfg = Debug|Any CPU
		{ADC09C43-D3A6-480C-81E1-9A626877F0C1}.Debug|Any CPU.Build.0 = Debug|Any CPU
		{ADC09C43-D3A6-480C-81E1-9A626877F0C1}.Release|Any CPU.ActiveCfg = Release|Any CPU
		{ADC09C43-D3A6-480C-81E1-9A626877F0C1}.Release|Any CPU.Build.0 = Release|Any CPU
	EndGlobalSection
	GlobalSection(SolutionProperties) = preSolution
		HideSolutionNode = FALSE
	EndGlobalSection
	GlobalSection(ExtensibilityGlobals) = postSolution
		SolutionGuid = {61F7FB11-1E47-470C-91E2-47F8143E1572}
	EndGlobalSection
EndGlobal
